
Microsoft Visual Studio Solution File, Format Version 12.00
# Visual Studio 15
VisualStudioVersion = 15.0.27924.0
MinimumVisualStudioVersion = 10.0.40219.1
Project("{9A19103F-16F7-4668-BE54-9A1E7A4F7556}") = "FrontEnd.Web", "src\FrontEnd.Web\FrontEnd.Web.csproj", "{43BDF02F-5903-4373-B786-A9E50656E712}"
EndProject
Project("{9A19103F-16F7-4668-BE54-9A1E7A4F7556}") = "FrontEnd.Api", "src\FrontEnd.Api\FrontEnd.Api.csproj", "{7A0CBF82-0608-44E9-BAD3-DFEEF12305C8}"
EndProject
Project("{9A19103F-16F7-4668-BE54-9A1E7A4F7556}") = "FrontEnd.Shared", "src\FrontEnd.Shared\FrontEnd.Shared.csproj", "{941C0CB5-B923-452A-B933-D15130608BB4}"
EndProject
Project("{2150E333-8FDC-42A3-9474-1A3956D46DE8}") = "Shared", "Shared", "{5379697F-99FE-408C-968E-6B48A08C8414}"
EndProject
Project("{9B56FCB0-63B4-404F-8A09-42EF52B53347}") = "FrontEndApplication", "src\FrontEndApplication\FrontEndApplication.sfaproj", "{5A6F7F67-33EF-4E4F-A9B2-55D0C5788BE6}"
	ProjectSection(ProjectDependencies) = postProject
		{7A0CBF82-0608-44E9-BAD3-DFEEF12305C8} = {7A0CBF82-0608-44E9-BAD3-DFEEF12305C8}
	EndProjectSection
EndProject
Global
	GlobalSection(SolutionConfigurationPlatforms) = preSolution
		Debug|Any CPU = Debug|Any CPU
		Release|Any CPU = Release|Any CPU
	EndGlobalSection
	GlobalSection(ProjectConfigurationPlatforms) = postSolution
		{43BDF02F-5903-4373-B786-A9E50656E712}.Debug|Any CPU.ActiveCfg = Debug|Any CPU
		{43BDF02F-5903-4373-B786-A9E50656E712}.Debug|Any CPU.Build.0 = Debug|Any CPU
		{43BDF02F-5903-4373-B786-A9E50656E712}.Release|Any CPU.ActiveCfg = Release|Any CPU
		{43BDF02F-5903-4373-B786-A9E50656E712}.Release|Any CPU.Build.0 = Release|Any CPU
		{7A0CBF82-0608-44E9-BAD3-DFEEF12305C8}.Debug|Any CPU.ActiveCfg = Debug|Any CPU
		{7A0CBF82-0608-44E9-BAD3-DFEEF12305C8}.Debug|Any CPU.Build.0 = Debug|Any CPU
		{7A0CBF82-0608-44E9-BAD3-DFEEF12305C8}.Release|Any CPU.ActiveCfg = Release|Any CPU
		{7A0CBF82-0608-44E9-BAD3-DFEEF12305C8}.Release|Any CPU.Build.0 = Release|Any CPU
		{941C0CB5-B923-452A-B933-D15130608BB4}.Debug|Any CPU.ActiveCfg = Debug|Any CPU
		{941C0CB5-B923-452A-B933-D15130608BB4}.Debug|Any CPU.Build.0 = Debug|Any CPU
		{941C0CB5-B923-452A-B933-D15130608BB4}.Release|Any CPU.ActiveCfg = Release|Any CPU
		{941C0CB5-B923-452A-B933-D15130608BB4}.Release|Any CPU.Build.0 = Release|Any CPU
		{5A6F7F67-33EF-4E4F-A9B2-55D0C5788BE6}.Debug|Any CPU.ActiveCfg = Debug|Any CPU
		{5A6F7F67-33EF-4E4F-A9B2-55D0C5788BE6}.Debug|Any CPU.Build.0 = Debug|Any CPU
		{5A6F7F67-33EF-4E4F-A9B2-55D0C5788BE6}.Release|Any CPU.ActiveCfg = Release|Any CPU
		{5A6F7F67-33EF-4E4F-A9B2-55D0C5788BE6}.Release|Any CPU.Build.0 = Release|Any CPU
	EndGlobalSection
	GlobalSection(SolutionProperties) = preSolution
		HideSolutionNode = FALSE
	EndGlobalSection
	GlobalSection(NestedProjects) = preSolution
		{941C0CB5-B923-452A-B933-D15130608BB4} = {5379697F-99FE-408C-968E-6B48A08C8414}
	EndGlobalSection
	GlobalSection(ExtensibilityGlobals) = postSolution
		SolutionGuid = {23096954-6719-46D2-A5D1-E593FD25BABD}
	EndGlobalSection
EndGlobal
